
Microsoft Visual Studio Solution File, Format Version 12.00
# Visual Studio Version 16
VisualStudioVersion = 16.0.29905.134
MinimumVisualStudioVersion = 10.0.40219.1
Project("{2150E333-8FDC-42A3-9474-1A3956D46DE8}") = "02_BasicEcho", "02_BasicEcho", "{B1B87E41-D9C0-4629-908B-CCC5F1FBA43C}"
EndProject
Project("{8BC9CEB8-8B4A-11D0-8D11-00A0C91BC942}") = "TcpServer", "02_BasicEcho\TcpServer\TcpServer.vcxproj", "{5D88F0CE-C354-45A4-A0F7-C7340737F672}"
EndProject
Project("{8BC9CEB8-8B4A-11D0-8D11-00A0C91BC942}") = "TcpClient", "02_BasicEcho\TcpClient\TcpClient.vcxproj", "{2CB37133-6984-4401-89F8-DD65B7ABA3C8}"
	ProjectSection(ProjectDependencies) = postProject
		{5D88F0CE-C354-45A4-A0F7-C7340737F672} = {5D88F0CE-C354-45A4-A0F7-C7340737F672}
	EndProjectSection
EndProject
Project("{8BC9CEB8-8B4A-11D0-8D11-00A0C91BC942}") = "Common", "02_BasicEcho\Common\Common\Common.vcxitems", "{A3666ACB-FC7D-475B-821C-A86AE3B0E059}"
EndProject
Project("{8BC9CEB8-8B4A-11D0-8D11-00A0C91BC942}") = "UdpClient", "02_BasicEcho\UdpClient\UdpClient.vcxproj", "{65CEE453-2F5A-478D-9A5A-31791A9D6193}"
EndProject
Project("{8BC9CEB8-8B4A-11D0-8D11-00A0C91BC942}") = "UdpServer", "UdpServer\UdpServer.vcxproj", "{39896250-7723-4FCB-8EA7-C0357A7EFF05}"
EndProject
Project("{2150E333-8FDC-42A3-9474-1A3956D46DE8}") = "Unicode Echo Server", "Unicode Echo Server", "{904FDDFA-78F7-443D-8F23-288D60131241}"
EndProject
Project("{8BC9CEB8-8B4A-11D0-8D11-00A0C91BC942}") = "UnicodeTcpServer", "Unicode Echo Server\UnicodeTcpServer\UnicodeTcpServer.vcxproj", "{9BB23129-F44B-4CD6-99E8-7ED16CDF033E}"
EndProject
Project("{8BC9CEB8-8B4A-11D0-8D11-00A0C91BC942}") = "UnicodeTcpClient", "Unicode Echo Server\UnicodeTcpClient\UnicodeTcpClient.vcxproj", "{53096724-2B07-4E5B-B409-658F85C74FB8}"
EndProject
Project("{2150E333-8FDC-42A3-9474-1A3956D46DE8}") = "PortScanner", "PortScanner", "{A865F210-0021-4B6D-94A1-8B266DB23FB4}"
EndProject
Project("{8BC9CEB8-8B4A-11D0-8D11-00A0C91BC942}") = "PortScanner", "PortScanner\PortScanner\PortScanner.vcxproj", "{68BC1D3D-80D5-4684-A170-A94FF32852D9}"
EndProject
Project("{2150E333-8FDC-42A3-9474-1A3956D46DE8}") = "01_TcpEcho", "01_TcpEcho", "{9EFB8439-E8F9-4870-B76C-0CAF21AD0103}"
EndProject
Project("{8BC9CEB8-8B4A-11D0-8D11-00A0C91BC942}") = "Server", "01_TcpEcho\Server\Server.vcxproj", "{5151E1CD-00CC-40E2-9868-23C7964A3A2D}"
EndProject
Project("{8BC9CEB8-8B4A-11D0-8D11-00A0C91BC942}") = "Common", "01_TcpEcho\Common\Common.vcxitems", "{F36E140F-1455-4A96-9010-E9297189F38A}"
EndProject
Project("{8BC9CEB8-8B4A-11D0-8D11-00A0C91BC942}") = "Client", "01_TcpEcho\Client\Client.vcxproj", "{3BC0390E-7CED-41B0-99D5-3B9F8C03BB88}"
EndProject
Global
	GlobalSection(SharedMSBuildProjectFiles) = preSolution
		02_BasicEcho\Common\Common\Common.vcxitems*{2cb37133-6984-4401-89f8-dd65b7aba3c8}*SharedItemsImports = 4
		02_BasicEcho\Common\Common\Common.vcxitems*{39896250-7723-4fcb-8ea7-c0357a7eff05}*SharedItemsImports = 4
		01_TcpEcho\Common\Common.vcxitems*{3bc0390e-7ced-41b0-99d5-3b9f8c03bb88}*SharedItemsImports = 4
		01_TcpEcho\Common\Common.vcxitems*{5151e1cd-00cc-40e2-9868-23c7964a3a2d}*SharedItemsImports = 4
		02_BasicEcho\Common\Common\Common.vcxitems*{5d88f0ce-c354-45a4-a0f7-c7340737f672}*SharedItemsImports = 4
		02_BasicEcho\Common\Common\Common.vcxitems*{65cee453-2f5a-478d-9a5a-31791a9d6193}*SharedItemsImports = 4
		02_BasicEcho\Common\Common\Common.vcxitems*{a3666acb-fc7d-475b-821c-a86ae3b0e059}*SharedItemsImports = 9
		01_TcpEcho\Common\Common.vcxitems*{f36e140f-1455-4a96-9010-e9297189f38a}*SharedItemsImports = 9
	EndGlobalSection
	GlobalSection(SolutionConfigurationPlatforms) = preSolution
		Debug|x64 = Debug|x64
		Debug|x86 = Debug|x86
		Release|x64 = Release|x64
		Release|x86 = Release|x86
	EndGlobalSection
	GlobalSection(ProjectConfigurationPlatforms) = postSolution
		{5D88F0CE-C354-45A4-A0F7-C7340737F672}.Debug|x64.ActiveCfg = Debug|x64
		{5D88F0CE-C354-45A4-A0F7-C7340737F672}.Debug|x64.Build.0 = Debug|x64
		{5D88F0CE-C354-45A4-A0F7-C7340737F672}.Debug|x86.ActiveCfg = Debug|x64
		{5D88F0CE-C354-45A4-A0F7-C7340737F672}.Debug|x86.Build.0 = Debug|x64
		{5D88F0CE-C354-45A4-A0F7-C7340737F672}.Release|x64.ActiveCfg = Debug|x64
		{5D88F0CE-C354-45A4-A0F7-C7340737F672}.Release|x64.Build.0 = Debug|x64
		{5D88F0CE-C354-45A4-A0F7-C7340737F672}.Release|x86.ActiveCfg = Debug|x64
		{5D88F0CE-C354-45A4-A0F7-C7340737F672}.Release|x86.Build.0 = Debug|x64
		{2CB37133-6984-4401-89F8-DD65B7ABA3C8}.Debug|x64.ActiveCfg = Debug|x64
		{2CB37133-6984-4401-89F8-DD65B7ABA3C8}.Debug|x64.Build.0 = Debug|x64
		{2CB37133-6984-4401-89F8-DD65B7ABA3C8}.Debug|x86.ActiveCfg = Debug|x64
		{2CB37133-6984-4401-89F8-DD65B7ABA3C8}.Debug|x86.Build.0 = Debug|x64
		{2CB37133-6984-4401-89F8-DD65B7ABA3C8}.Release|x64.ActiveCfg = Debug|x64
		{2CB37133-6984-4401-89F8-DD65B7ABA3C8}.Release|x64.Build.0 = Debug|x64
		{2CB37133-6984-4401-89F8-DD65B7ABA3C8}.Release|x86.ActiveCfg = Debug|x64
		{2CB37133-6984-4401-89F8-DD65B7ABA3C8}.Release|x86.Build.0 = Debug|x64
		{65CEE453-2F5A-478D-9A5A-31791A9D6193}.Debug|x64.ActiveCfg = Debug|x64
		{65CEE453-2F5A-478D-9A5A-31791A9D6193}.Debug|x64.Build.0 = Debug|x64
		{65CEE453-2F5A-478D-9A5A-31791A9D6193}.Debug|x86.ActiveCfg = Debug|Win32
		{65CEE453-2F5A-478D-9A5A-31791A9D6193}.Debug|x86.Build.0 = Debug|Win32
		{65CEE453-2F5A-478D-9A5A-31791A9D6193}.Release|x64.ActiveCfg = Release|x64
		{65CEE453-2F5A-478D-9A5A-31791A9D6193}.Release|x64.Build.0 = Release|x64
		{65CEE453-2F5A-478D-9A5A-31791A9D6193}.Release|x86.ActiveCfg = Release|Win32
		{65CEE453-2F5A-478D-9A5A-31791A9D6193}.Release|x86.Build.0 = Release|Win32
		{39896250-7723-4FCB-8EA7-C0357A7EFF05}.Debug|x64.ActiveCfg = Debug|x64
		{39896250-7723-4FCB-8EA7-C0357A7EFF05}.Debug|x64.Build.0 = Debug|x64
		{39896250-7723-4FCB-8EA7-C0357A7EFF05}.Debug|x86.ActiveCfg = Debug|Win32
		{39896250-7723-4FCB-8EA7-C0357A7EFF05}.Debug|x86.Build.0 = Debug|Win32
		{39896250-7723-4FCB-8EA7-C0357A7EFF05}.Release|x64.ActiveCfg = Release|x64
		{39896250-7723-4FCB-8EA7-C0357A7EFF05}.Release|x64.Build.0 = Release|x64
		{39896250-7723-4FCB-8EA7-C0357A7EFF05}.Release|x86.ActiveCfg = Release|Win32
		{39896250-7723-4FCB-8EA7-C0357A7EFF05}.Release|x86.Build.0 = Release|Win32
		{9BB23129-F44B-4CD6-99E8-7ED16CDF033E}.Debug|x64.ActiveCfg = Debug|x64
		{9BB23129-F44B-4CD6-99E8-7ED16CDF033E}.Debug|x64.Build.0 = Debug|x64
		{9BB23129-F44B-4CD6-99E8-7ED16CDF033E}.Debug|x86.ActiveCfg = Debug|Win32
		{9BB23129-F44B-4CD6-99E8-7ED16CDF033E}.Debug|x86.Build.0 = Debug|Win32
		{9BB23129-F44B-4CD6-99E8-7ED16CDF033E}.Release|x64.ActiveCfg = Release|x64
		{9BB23129-F44B-4CD6-99E8-7ED16CDF033E}.Release|x64.Build.0 = Release|x64
		{9BB23129-F44B-4CD6-99E8-7ED16CDF033E}.Release|x86.ActiveCfg = Release|Win32
		{9BB23129-F44B-4CD6-99E8-7ED16CDF033E}.Release|x86.Build.0 = Release|Win32
		{53096724-2B07-4E5B-B409-658F85C74FB8}.Debug|x64.ActiveCfg = Debug|x64
		{53096724-2B07-4E5B-B409-658F85C74FB8}.Debug|x64.Build.0 = Debug|x64
		{53096724-2B07-4E5B-B409-658F85C74FB8}.Debug|x86.ActiveCfg = Debug|Win32
		{53096724-2B07-4E5B-B409-658F85C74FB8}.Debug|x86.Build.0 = Debug|Win32
		{53096724-2B07-4E5B-B409-658F85C74FB8}.Release|x64.ActiveCfg = Release|x64
		{53096724-2B07-4E5B-B409-658F85C74FB8}.Release|x64.Build.0 = Release|x64
		{53096724-2B07-4E5B-B409-658F85C74FB8}.Release|x86.ActiveCfg = Release|Win32
		{53096724-2B07-4E5B-B409-658F85C74FB8}.Release|x86.Build.0 = Release|Win32
		{68BC1D3D-80D5-4684-A170-A94FF32852D9}.Debug|x64.ActiveCfg = Debug|x64
		{68BC1D3D-80D5-4684-A170-A94FF32852D9}.Debug|x64.Build.0 = Debug|x64
		{68BC1D3D-80D5-4684-A170-A94FF32852D9}.Debug|x86.ActiveCfg = Debug|Win32
		{68BC1D3D-80D5-4684-A170-A94FF32852D9}.Debug|x86.Build.0 = Debug|Win32
		{68BC1D3D-80D5-4684-A170-A94FF32852D9}.Release|x64.ActiveCfg = Release|x64
		{68BC1D3D-80D5-4684-A170-A94FF32852D9}.Release|x64.Build.0 = Release|x64
		{68BC1D3D-80D5-4684-A170-A94FF32852D9}.Release|x86.ActiveCfg = Release|Win32
		{68BC1D3D-80D5-4684-A170-A94FF32852D9}.Release|x86.Build.0 = Release|Win32
		{5151E1CD-00CC-40E2-9868-23C7964A3A2D}.Debug|x64.ActiveCfg = Debug|x64
		{5151E1CD-00CC-40E2-9868-23C7964A3A2D}.Debug|x64.Build.0 = Debug|x64
		{5151E1CD-00CC-40E2-9868-23C7964A3A2D}.Debug|x86.ActiveCfg = Debug|Win32
		{5151E1CD-00CC-40E2-9868-23C7964A3A2D}.Debug|x86.Build.0 = Debug|Win32
		{5151E1CD-00CC-40E2-9868-23C7964A3A2D}.Release|x64.ActiveCfg = Release|x64
		{5151E1CD-00CC-40E2-9868-23C7964A3A2D}.Release|x64.Build.0 = Release|x64
		{5151E1CD-00CC-40E2-9868-23C7964A3A2D}.Release|x86.ActiveCfg = Release|Win32
		{5151E1CD-00CC-40E2-9868-23C7964A3A2D}.Release|x86.Build.0 = Release|Win32
		{3BC0390E-7CED-41B0-99D5-3B9F8C03BB88}.Debug|x64.ActiveCfg = Debug|x64
		{3BC0390E-7CED-41B0-99D5-3B9F8C03BB88}.Debug|x64.Build.0 = Debug|x64
		{3BC0390E-7CED-41B0-99D5-3B9F8C03BB88}.Debug|x86.ActiveCfg = Debug|Win32
		{3BC0390E-7CED-41B0-99D5-3B9F8C03BB88}.Debug|x86.Build.0 = Debug|Win32
		{3BC0390E-7CED-41B0-99D5-3B9F8C03BB88}.Release|x64.ActiveCfg = Release|x64
		{3BC0390E-7CED-41B0-99D5-3B9F8C03BB88}.Release|x64.Build.0 = Release|x64
		{3BC0390E-7CED-41B0-99D5-3B9F8C03BB88}.Release|x86.ActiveCfg = Release|Win32
		{3BC0390E-7CED-41B0-99D5-3B9F8C03BB88}.Release|x86.Build.0 = Release|Win32
	EndGlobalSection
	GlobalSection(SolutionProperties) = preSolution
		HideSolutionNode = FALSE
	EndGlobalSection
	GlobalSection(NestedProjects) = preSolution
		{5D88F0CE-C354-45A4-A0F7-C7340737F672} = {B1B87E41-D9C0-4629-908B-CCC5F1FBA43C}
		{2CB37133-6984-4401-89F8-DD65B7ABA3C8} = {B1B87E41-D9C0-4629-908B-CCC5F1FBA43C}
		{A3666ACB-FC7D-475B-821C-A86AE3B0E059} = {B1B87E41-D9C0-4629-908B-CCC5F1FBA43C}
		{65CEE453-2F5A-478D-9A5A-31791A9D6193} = {B1B87E41-D9C0-4629-908B-CCC5F1FBA43C}
		{39896250-7723-4FCB-8EA7-C0357A7EFF05} = {B1B87E41-D9C0-4629-908B-CCC5F1FBA43C}
		{9BB23129-F44B-4CD6-99E8-7ED16CDF033E} = {904FDDFA-78F7-443D-8F23-288D60131241}
		{53096724-2B07-4E5B-B409-658F85C74FB8} = {904FDDFA-78F7-443D-8F23-288D60131241}
		{68BC1D3D-80D5-4684-A170-A94FF32852D9} = {A865F210-0021-4B6D-94A1-8B266DB23FB4}
		{5151E1CD-00CC-40E2-9868-23C7964A3A2D} = {9EFB8439-E8F9-4870-B76C-0CAF21AD0103}
		{F36E140F-1455-4A96-9010-E9297189F38A} = {9EFB8439-E8F9-4870-B76C-0CAF21AD0103}
		{3BC0390E-7CED-41B0-99D5-3B9F8C03BB88} = {9EFB8439-E8F9-4870-B76C-0CAF21AD0103}
	EndGlobalSection
	GlobalSection(ExtensibilityGlobals) = postSolution
		SolutionGuid = {4BB6B166-B3A0-4078-B416-A420167133C7}
	EndGlobalSection
EndGlobal
